
Microsoft Visual Studio Solution File, Format Version 12.00
# Visual Studio Version 16
VisualStudioVersion = 16.0.28803.452
MinimumVisualStudioVersion = 10.0.40219.1
Project("{9A19103F-16F7-4668-BE54-9A1E7A4F7556}") = "ShiftTech", "ShiftTech\ShiftTech.csproj", "{A40C54CA-7E33-4EF4-9253-0165830611FA}"
EndProject
Global
	GlobalSection(SolutionConfigurationPlatforms) = preSolution
		Debug|Any CPU = Debug|Any CPU
		Release|Any CPU = Release|Any CPU
	EndGlobalSection
	GlobalSection(ProjectConfigurationPlatforms) = postSolution
		{A40C54CA-7E33-4EF4-9253-0165830611FA}.Debug|Any CPU.ActiveCfg = Debug|Any CPU
		{A40C54CA-7E33-4EF4-9253-0165830611FA}.Debug|Any CPU.Build.0 = Debug|Any CPU
		{A40C54CA-7E33-4EF4-9253-0165830611FA}.Release|Any CPU.ActiveCfg = Release|Any CPU
		{A40C54CA-7E33-4EF4-9253-0165830611FA}.Release|Any CPU.Build.0 = Release|Any CPU
	EndGlobalSection
	GlobalSection(SolutionProperties) = preSolution
		HideSolutionNode = FALSE
	EndGlobalSection
	GlobalSection(ExtensibilityGlobals) = postSolution
		SolutionGuid = {BA38FCCA-56CA-4942-B773-F3B033460434}
	EndGlobalSection
EndGlobal
